
Microsoft Visual Studio Solution File, Format Version 12.00
# Visual Studio 15
VisualStudioVersion = 15.0.28307.1738
MinimumVisualStudioVersion = 10.0.40219.1
Project("{FAE04EC0-301F-11D3-BF4B-00C04F79EFBC}") = "文件加密", "文件加密\文件加密.csproj", "{02A8CD04-6882-4B66-9A81-335ABB06DF80}"
EndProject
Global
	GlobalSection(SolutionConfigurationPlatforms) = preSolution
		Debug|Any CPU = Debug|Any CPU
		Release|Any CPU = Release|Any CPU
	EndGlobalSection
	GlobalSection(ProjectConfigurationPlatforms) = postSolution
		{02A8CD04-6882-4B66-9A81-335ABB06DF80}.Debug|Any CPU.ActiveCfg = Debug|Any CPU
		{02A8CD04-6882-4B66-9A81-335ABB06DF80}.Debug|Any CPU.Build.0 = Debug|Any CPU
		{02A8CD04-6882-4B66-9A81-335ABB06DF80}.Release|Any CPU.ActiveCfg = Release|Any CPU
		{02A8CD04-6882-4B66-9A81-335ABB06DF80}.Release|Any CPU.Build.0 = Release|Any CPU
	EndGlobalSection
	GlobalSection(SolutionProperties) = preSolution
		HideSolutionNode = FALSE
	EndGlobalSection
	GlobalSection(ExtensibilityGlobals) = postSolution
		SolutionGuid = {EE4C749F-07F1-458A-BF62-65C0E53C48E8}
	EndGlobalSection
EndGlobal
